
Microsoft Visual Studio Solution File, Format Version 12.00
# Visual Studio Version 17
VisualStudioVersion = 17.5.002.0
MinimumVisualStudioVersion = 10.0.40219.1
Project("{9A19103F-16F7-4668-BE54-9A1E7A4F7556}") = "Task4_DZ", "Task4_DZ.csproj", "{8A31FE88-E894-45F6-9AA4-42917A1FBE6C}"
EndProject
Global
	GlobalSection(SolutionConfigurationPlatforms) = preSolution
		Debug|Any CPU = Debug|Any CPU
		Release|Any CPU = Release|Any CPU
	EndGlobalSection
	GlobalSection(ProjectConfigurationPlatforms) = postSolution
		{8A31FE88-E894-45F6-9AA4-42917A1FBE6C}.Debug|Any CPU.ActiveCfg = Debug|Any CPU
		{8A31FE88-E894-45F6-9AA4-42917A1FBE6C}.Debug|Any CPU.Build.0 = Debug|Any CPU
		{8A31FE88-E894-45F6-9AA4-42917A1FBE6C}.Release|Any CPU.ActiveCfg = Release|Any CPU
		{8A31FE88-E894-45F6-9AA4-42917A1FBE6C}.Release|Any CPU.Build.0 = Release|Any CPU
	EndGlobalSection
	GlobalSection(SolutionProperties) = preSolution
		HideSolutionNode = FALSE
	EndGlobalSection
	GlobalSection(ExtensibilityGlobals) = postSolution
		SolutionGuid = {54A04465-A565-45FA-A063-F0F0EFA438A8}
	EndGlobalSection
EndGlobal
